
Microsoft Visual Studio Solution File, Format Version 12.00
# Visual Studio Version 17
VisualStudioVersion = 17.11.35327.3
MinimumVisualStudioVersion = 10.0.40219.1
Project("{FAE04EC0-301F-11D3-BF4B-00C04F79EFBC}") = "pract9", "pract9\pract9.csproj", "{348F374A-DDB0-4325-8E61-FC7B0661A13C}"
EndProject
Global
	GlobalSection(SolutionConfigurationPlatforms) = preSolution
		Debug|Any CPU = Debug|Any CPU
		Release|Any CPU = Release|Any CPU
	EndGlobalSection
	GlobalSection(ProjectConfigurationPlatforms) = postSolution
		{348F374A-DDB0-4325-8E61-FC7B0661A13C}.Debug|Any CPU.ActiveCfg = Debug|Any CPU
		{348F374A-DDB0-4325-8E61-FC7B0661A13C}.Debug|Any CPU.Build.0 = Debug|Any CPU
		{348F374A-DDB0-4325-8E61-FC7B0661A13C}.Release|Any CPU.ActiveCfg = Release|Any CPU
		{348F374A-DDB0-4325-8E61-FC7B0661A13C}.Release|Any CPU.Build.0 = Release|Any CPU
	EndGlobalSection
	GlobalSection(SolutionProperties) = preSolution
		HideSolutionNode = FALSE
	EndGlobalSection
	GlobalSection(ExtensibilityGlobals) = postSolution
		SolutionGuid = {01EC4149-A692-4391-9D62-06CC503F2F4E}
	EndGlobalSection
EndGlobal
